
Microsoft Visual Studio Solution File, Format Version 12.00
# Visual Studio 15
VisualStudioVersion = 15.0.28307.168
MinimumVisualStudioVersion = 10.0.40219.1
Project("{FAE04EC0-301F-11D3-BF4B-00C04F79EFBC}") = "Appium", "Appium\Appium.csproj", "{E21F8C04-8BAB-4AD9-8D49-CA118E57CF83}"
EndProject
Global
	GlobalSection(SolutionConfigurationPlatforms) = preSolution
		Debug|Any CPU = Debug|Any CPU
		Release|Any CPU = Release|Any CPU
	EndGlobalSection
	GlobalSection(ProjectConfigurationPlatforms) = postSolution
		{E21F8C04-8BAB-4AD9-8D49-CA118E57CF83}.Debug|Any CPU.ActiveCfg = Debug|Any CPU
		{E21F8C04-8BAB-4AD9-8D49-CA118E57CF83}.Debug|Any CPU.Build.0 = Debug|Any CPU
		{E21F8C04-8BAB-4AD9-8D49-CA118E57CF83}.Release|Any CPU.ActiveCfg = Release|Any CPU
		{E21F8C04-8BAB-4AD9-8D49-CA118E57CF83}.Release|Any CPU.Build.0 = Release|Any CPU
	EndGlobalSection
	GlobalSection(SolutionProperties) = preSolution
		HideSolutionNode = FALSE
	EndGlobalSection
	GlobalSection(ExtensibilityGlobals) = postSolution
		SolutionGuid = {128F9F78-8CDD-43AC-9E8E-247A9E7B1F4C}
	EndGlobalSection
EndGlobal
